// !$*UTF8*$!
{
	archiveVersion = 1;
	classes = {
	};
	objectVersion = 46;
	objects = {

/* Begin PBXBuildFile section */
		1223F4891BDDDE2400E49313 /* MovieDetailsViewController.m in Sources */ = {isa = PBXBuildFile; fileRef = 1223F4881BDDDE2400E49313 /* MovieDetailsViewController.m */; };
		12A2763B1BD6F289001C0630 /* main.m in Sources */ = {isa = PBXBuildFile; fileRef = 12A2763A1BD6F289001C0630 /* main.m */; };
		12A2763E1BD6F289001C0630 /* AppDelegate.m in Sources */ = {isa = PBXBuildFile; fileRef = 12A2763D1BD6F289001C0630 /* AppDelegate.m */; };
		12A276411BD6F289001C0630 /* MoviesViewController.m in Sources */ = {isa = PBXBuildFile; fileRef = 12A276401BD6F289001C0630 /* MoviesViewController.m */; };
		12A276441BD6F289001C0630 /* Main.storyboard in Resources */ = {isa = PBXBuildFile; fileRef = 12A276421BD6F289001C0630 /* Main.storyboard */; };
		12A276461BD6F289001C0630 /* Assets.xcassets in Resources */ = {isa = PBXBuildFile; fileRef = 12A276451BD6F289001C0630 /* Assets.xcassets */; };
		12A276521BD6F875001C0630 /* MoviesTableViewCell.m in Sources */ = {isa = PBXBuildFile; fileRef = 12A276511BD6F875001C0630 /* MoviesTableViewCell.m */; };
		12CA32C31BDF19A700712A61 /* GiFHUD.m in Sources */ = {isa = PBXBuildFile; fileRef = 12CA32C11BDF19A700712A61 /* GiFHUD.m */; };
		12CA32C41BDF19A700712A61 /* pika.gif in Resources */ = {isa = PBXBuildFile; fileRef = 12CA32C21BDF19A700712A61 /* pika.gif */; };
		46CEACFCD4925D30ABA3D131 /* libPods-RottenTomatoes.a in Frameworks */ = {isa = PBXBuildFile; fileRef = 33D6B8758D3B8BE7FB3E1C29 /* libPods-RottenTomatoes.a */; };
/* End PBXBuildFile section */

/* Begin PBXFileReference section */
		1223F4871BDDDE2400E49313 /* MovieDetailsViewController.h */ = {isa = PBXFileReference; fileEncoding = 4; lastKnownFileType = sourcecode.c.h; path = MovieDetailsViewController.h; sourceTree = "<group>"; };
		1223F4881BDDDE2400E49313 /* MovieDetailsViewController.m */ = {isa = PBXFileReference; fileEncoding = 4; lastKnownFileType = sourcecode.c.objc; path = MovieDetailsViewController.m; sourceTree = "<group>"; };
		12A276361BD6F289001C0630 /* RottenTomatoes.app */ = {isa = PBXFileReference; explicitFileType = wrapper.application; includeInIndex = 0; path = RottenTomatoes.app; sourceTree = BUILT_PRODUCTS_DIR; };
		12A2763A1BD6F289001C0630 /* main.m */ = {isa = PBXFileReference; lastKnownFileType = sourcecode.c.objc; path = main.m; sourceTree = "<group>"; };
		12A2763C1BD6F289001C0630 /* AppDelegate.h */ = {isa = PBXFileReference; lastKnownFileType = sourcecode.c.h; path = AppDelegate.h; sourceTree = "<group>"; };
		12A2763D1BD6F289001C0630 /* AppDelegate.m */ = {isa = PBXFileReference; lastKnownFileType = sourcecode.c.objc; path = AppDelegate.m; sourceTree = "<group>"; };
		12A2763F1BD6F289001C0630 /* MoviesViewController.h */ = {isa = PBXFileReference; lastKnownFileType = sourcecode.c.h; path = MoviesViewController.h; sourceTree = "<group>"; };
		12A276401BD6F289001C0630 /* MoviesViewController.m */ = {isa = PBXFileReference; lastKnownFileType = sourcecode.c.objc; path = MoviesViewController.m; sourceTree = "<group>"; };
		12A276431BD6F289001C0630 /* Base */ = {isa = PBXFileReference; lastKnownFileType = file.storyboard; name = Base; path = Base.lproj/Main.storyboard; sourceTree = "<group>"; };
		12A276451BD6F289001C0630 /* Assets.xcassets */ = {isa = PBXFileReference; lastKnownFileType = folder.assetcatalog; path = Assets.xcassets; sourceTree = "<group>"; };
		12A2764A1BD6F289001C0630 /* Info.plist */ = {isa = PBXFileReference; lastKnownFileType = text.plist.xml; path = Info.plist; sourceTree = "<group>"; };
		12A276501BD6F875001C0630 /* MoviesTableViewCell.h */ = {isa = PBXFileReference; fileEncoding = 4; lastKnownFileType = sourcecode.c.h; path = MoviesTableViewCell.h; sourceTree = "<group>"; };
		12A276511BD6F875001C0630 /* MoviesTableViewCell.m */ = {isa = PBXFileReference; fileEncoding = 4; lastKnownFileType = sourcecode.c.objc; path = MoviesTableViewCell.m; sourceTree = "<group>"; };
		12CA32C01BDF19A700712A61 /* GiFHUD.h */ = {isa = PBXFileReference; fileEncoding = 4; lastKnownFileType = sourcecode.c.h; name = GiFHUD.h; path = "../../../../Downloads/GiFHUD-master/GiFHUD/GiFHUD.h"; sourceTree = "<group>"; };
		12CA32C11BDF19A700712A61 /* GiFHUD.m */ = {isa = PBXFileReference; fileEncoding = 4; lastKnownFileType = sourcecode.c.objc; name = GiFHUD.m; path = "../../../../Downloads/GiFHUD-master/GiFHUD/GiFHUD.m"; sourceTree = "<group>"; };
		12CA32C21BDF19A700712A61 /* pika.gif */ = {isa = PBXFileReference; lastKnownFileType = image.gif; name = pika.gif; path = "../../../../Downloads/GiFHUD-master/GiFHUD/pika.gif"; sourceTree = "<group>"; };
		33D6B8758D3B8BE7FB3E1C29 /* libPods-RottenTomatoes.a */ = {isa = PBXFileReference; explicitFileType = archive.ar; includeInIndex = 0; path = "libPods-RottenTomatoes.a"; sourceTree = BUILT_PRODUCTS_DIR; };
		91C236A295399C518ECAB552 /* Pods-RottenTomatoes.release.xcconfig */ = {isa = PBXFileReference; includeInIndex = 1; lastKnownFileType = text.xcconfig; name = "Pods-RottenTomatoes.release.xcconfig"; path = "Pods/Target Support Files/Pods-RottenTomatoes/Pods-RottenTomatoes.release.xcconfig"; sourceTree = "<group>"; };
		D77611EFD4B8EB19555D26AB /* Pods-RottenTomatoes.debug.xcconfig */ = {isa = PBXFileReference; includeInIndex = 1; lastKnownFileType = text.xcconfig; name = "Pods-RottenTomatoes.debug.xcconfig"; path = "Pods/Target Support Files/Pods-RottenTomatoes/Pods-RottenTomatoes.debug.xcconfig"; sourceTree = "<group>"; };
/* End PBXFileReference section */

/* Begin PBXFrameworksBuildPhase section */
		12A276331BD6F289001C0630 /* Frameworks */ = {
			isa = PBXFrameworksBuildPhase;
			buildActionMask = 2147483647;
			files = (
				46CEACFCD4925D30ABA3D131 /* libPods-RottenTomatoes.a in Frameworks */,
			);
			runOnlyForDeploymentPostprocessing = 0;
		};
/* End PBXFrameworksBuildPhase section */

/* Begin PBXGroup section */
		12A2762D1BD6F289001C0630 = {
			isa = PBXGroup;
			children = (
				12A276381BD6F289001C0630 /* RottenTomatoes */,
				12A276371BD6F289001C0630 /* Products */,
				BF8102AB6A3E8C1663AF19B5 /* Pods */,
				BCC84B11AC5BC40BB6B55886 /* Frameworks */,
			);
			sourceTree = "<group>";
		};
		12A276371BD6F289001C0630 /* Products */ = {
			isa = PBXGroup;
			children = (
				12A276361BD6F289001C0630 /* RottenTomatoes.app */,
			);
			name = Products;
			sourceTree = "<group>";
		};
		12A276381BD6F289001C0630 /* RottenTomatoes */ = {
			isa = PBXGroup;
			children = (
				12CA32C01BDF19A700712A61 /* GiFHUD.h */,
				12CA32C11BDF19A700712A61 /* GiFHUD.m */,
				12CA32C21BDF19A700712A61 /* pika.gif */,
				12A2763C1BD6F289001C0630 /* AppDelegate.h */,
				12A2763D1BD6F289001C0630 /* AppDelegate.m */,
				12A2763F1BD6F289001C0630 /* MoviesViewController.h */,
				12A276401BD6F289001C0630 /* MoviesViewController.m */,
				12A276421BD6F289001C0630 /* Main.storyboard */,
				12A276501BD6F875001C0630 /* MoviesTableViewCell.h */,
				12A276511BD6F875001C0630 /* MoviesTableViewCell.m */,
				12A276451BD6F289001C0630 /* Assets.xcassets */,
				12A2764A1BD6F289001C0630 /* Info.plist */,
				12A276391BD6F289001C0630 /* Supporting Files */,
				1223F4871BDDDE2400E49313 /* MovieDetailsViewController.h */,
				1223F4881BDDDE2400E49313 /* MovieDetailsViewController.m */,
			);
			path = RottenTomatoes;
			sourceTree = "<group>";
		};
		12A276391BD6F289001C0630 /* Supporting Files */ = {
			isa = PBXGroup;
			children = (
				12A2763A1BD6F289001C0630 /* main.m */,
			);
			name = "Supporting Files";
			sourceTree = "<group>";
		};
		BCC84B11AC5BC40BB6B55886 /* Frameworks */ = {
			isa = PBXGroup;
			children = (
				33D6B8758D3B8BE7FB3E1C29 /* libPods-RottenTomatoes.a */,
			);
			name = Frameworks;
			sourceTree = "<group>";
		};
		BF8102AB6A3E8C1663AF19B5 /* Pods */ = {
			isa = PBXGroup;
			children = (
				D77611EFD4B8EB19555D26AB /* Pods-RottenTomatoes.debug.xcconfig */,
				91C236A295399C518ECAB552 /* Pods-RottenTomatoes.release.xcconfig */,
			);
			name = Pods;
			sourceTree = "<group>";
		};
/* End PBXGroup section */

/* Begin PBXNativeTarget section */
		12A276351BD6F289001C0630 /* RottenTomatoes */ = {
			isa = PBXNativeTarget;
			buildConfigurationList = 12A2764D1BD6F289001C0630 /* Build configuration list for PBXNativeTarget "RottenTomatoes" */;
			buildPhases = (
				D970BA73F914D98E2C91AB4F /* Check Pods Manifest.lock */,
				12A276321BD6F289001C0630 /* Sources */,
				12A276331BD6F289001C0630 /* Frameworks */,
				12A276341BD6F289001C0630 /* Resources */,
				5F0300825FFE65640754A41A /* Embed Pods Frameworks */,
				A0DE026A233CC98956EAA04B /* Copy Pods Resources */,
			);
			buildRules = (
			);
			dependencies = (
			);
			name = RottenTomatoes;
			productName = RottenTomatoes;
			productReference = 12A276361BD6F289001C0630 /* RottenTomatoes.app */;
			productType = "com.apple.product-type.application";
		};
/* End PBXNativeTarget section */

/* Begin PBXProject section */
		12A2762E1BD6F289001C0630 /* Project object */ = {
			isa = PBXProject;
			attributes = {
				LastUpgradeCheck = 0700;
				ORGANIZATIONNAME = codepath;
				TargetAttributes = {
					12A276351BD6F289001C0630 = {
						CreatedOnToolsVersion = 7.0.1;
					};
				};
			};
			buildConfigurationList = 12A276311BD6F289001C0630 /* Build configuration list for PBXProject "RottenTomatoes" */;
			compatibilityVersion = "Xcode 3.2";
			developmentRegion = English;
			hasScannedForEncodings = 0;
			knownRegions = (
				en,
				Base,
			);
			mainGroup = 12A2762D1BD6F289001C0630;
			productRefGroup = 12A276371BD6F289001C0630 /* Products */;
			projectDirPath = "";
			projectRoot = "";
			targets = (
				12A276351BD6F289001C0630 /* RottenTomatoes */,
			);
		};
/* End PBXProject section */

/* Begin PBXResourcesBuildPhase section */
		12A276341BD6F289001C0630 /* Resources */ = {
			isa = PBXResourcesBuildPhase;
			buildActionMask = 2147483647;
			files = (
				12A276461BD6F289001C0630 /* Assets.xcassets in Resources */,
				12CA32C41BDF19A700712A61 /* pika.gif in Resources */,
				12A276441BD6F289001C0630 /* Main.storyboard in Resources */,
			);
			runOnlyForDeploymentPostprocessing = 0;
		};
/* End PBXResourcesBuildPhase section */

/* Begin PBXShellScriptBuildPhase section */
		5F0300825FFE65640754A41A /* Embed Pods Frameworks */ = {
			isa = PBXShellScriptBuildPhase;
			buildActionMask = 2147483647;
			files = (
			);
			inputPaths = (
			);
			name = "Embed Pods Frameworks";
			outputPaths = (
			);
			runOnlyForDeploymentPostprocessing = 0;
			shellPath = /bin/sh;
			shellScript = "\"${SRCROOT}/Pods/Target Support Files/Pods-RottenTomatoes/Pods-RottenTomatoes-frameworks.sh\"\n";
			showEnvVarsInLog = 0;
		};
		A0DE026A233CC98956EAA04B /* Copy Pods Resources */ = {
			isa = PBXShellScriptBuildPhase;
			buildActionMask = 2147483647;
			files = (
			);
			inputPaths = (
			);
			name = "Copy Pods Resources";
			outputPaths = (
			);
			runOnlyForDeploymentPostprocessing = 0;
			shellPath = /bin/sh;
			shellScript = "\"${SRCROOT}/Pods/Target Support Files/Pods-RottenTomatoes/Pods-RottenTomatoes-resources.sh\"\n";
			showEnvVarsInLog = 0;
		};
		D970BA73F914D98E2C91AB4F /* Check Pods Manifest.lock */ = {
			isa = PBXShellScriptBuildPhase;
			buildActionMask = 2147483647;
			files = (
			);
			inputPaths = (
			);
			name = "Check Pods Manifest.lock";
			outputPaths = (
			);
			runOnlyForDeploymentPostprocessing = 0;
			shellPath = /bin/sh;
			shellScript = "diff \"${PODS_ROOT}/../Podfile.lock\" \"${PODS_ROOT}/Manifest.lock\" > /dev/null\nif [[ $? != 0 ]] ; then\n    cat << EOM\nerror: The sandbox is not in sync with the Podfile.lock. Run 'pod install' or update your CocoaPods installation.\nEOM\n    exit 1\nfi\n";
			showEnvVarsInLog = 0;
		};
/* End PBXShellScriptBuildPhase section */

/* Begin PBXSourcesBuildPhase section */
		12A276321BD6F289001C0630 /* Sources */ = {
			isa = PBXSourcesBuildPhase;
			buildActionMask = 2147483647;
			files = (
				1223F4891BDDDE2400E49313 /* MovieDetailsViewController.m in Sources */,
				12A276411BD6F289001C0630 /* MoviesViewController.m in Sources */,
				12A2763E1BD6F289001C0630 /* AppDelegate.m in Sources */,
				12A276521BD6F875001C0630 /* MoviesTableViewCell.m in Sources */,
				12CA32C31BDF19A700712A61 /* GiFHUD.m in Sources */,
				12A2763B1BD6F289001C0630 /* main.m in Sources */,
			);
			runOnlyForDeploymentPostprocessing = 0;
		};
/* End PBXSourcesBuildPhase section */

/* Begin PBXVariantGroup section */
		12A276421BD6F289001C0630 /* Main.storyboard */ = {
			isa = PBXVariantGroup;
			children = (
				12A276431BD6F289001C0630 /* Base */,
			);
			name = Main.storyboard;
			sourceTree = "<group>";
		};
/* End PBXVariantGroup section */

/* Begin XCBuildConfiguration section */
		12A2764B1BD6F289001C0630 /* Debug */ = {
			isa = XCBuildConfiguration;
			buildSettings = {
				ALWAYS_SEARCH_USER_PATHS = NO;
				CLANG_CXX_LANGUAGE_STANDARD = "gnu++0x";
				CLANG_CXX_LIBRARY = "libc++";
				CLANG_ENABLE_MODULES = YES;
				CLANG_ENABLE_OBJC_ARC = YES;
				CLANG_WARN_BOOL_CONVERSION = YES;
				CLANG_WARN_CONSTANT_CONVERSION = YES;
				CLANG_WARN_DIRECT_OBJC_ISA_USAGE = YES_ERROR;
				CLANG_WARN_EMPTY_BODY = YES;
				CLANG_WARN_ENUM_CONVERSION = YES;
				CLANG_WARN_INT_CONVERSION = YES;
				CLANG_WARN_OBJC_ROOT_CLASS = YES_ERROR;
				CLANG_WARN_UNREACHABLE_CODE = YES;
				CLANG_WARN__DUPLICATE_METHOD_MATCH = YES;
				"CODE_SIGN_IDENTITY[sdk=iphoneos*]" = "iPhone Developer";
				COPY_PHASE_STRIP = NO;
				DEBUG_INFORMATION_FORMAT = dwarf;
				ENABLE_STRICT_OBJC_MSGSEND = YES;
				ENABLE_TESTABILITY = YES;
				GCC_C_LANGUAGE_STANDARD = gnu99;
				GCC_DYNAMIC_NO_PIC = NO;
				GCC_NO_COMMON_BLOCKS = YES;
				GCC_OPTIMIZATION_LEVEL = 0;
				GCC_PREPROCESSOR_DEFINITIONS = (
					"DEBUG=1",
					"$(inherited)",
				);
				GCC_WARN_64_TO_32_BIT_CONVERSION = YES;
				GCC_WARN_ABOUT_RETURN_TYPE = YES_ERROR;
				GCC_WARN_UNDECLARED_SELECTOR = YES;
				GCC_WARN_UNINITIALIZED_AUTOS = YES_AGGRESSIVE;
				GCC_WARN_UNUSED_FUNCTION = YES;
				GCC_WARN_UNUSED_VARIABLE = YES;
				IPHONEOS_DEPLOYMENT_TARGET = 9.0;
				MTL_ENABLE_DEBUG_INFO = YES;
				ONLY_ACTIVE_ARCH = YES;
				SDKROOT = iphoneos;
				TARGETED_DEVICE_FAMILY = "1,2";
			};
			name = Debug;
		};
		12A2764C1BD6F289001C0630 /* Release */ = {
			isa = XCBuildConfiguration;
			buildSettings = {
				ALWAYS_SEARCH_USER_PATHS = NO;
				CLANG_CXX_LANGUAGE_STANDARD = "gnu++0x";
				CLANG_CXX_LIBRARY = "libc++";
				CLANG_ENABLE_MODULES = YES;
				CLANG_ENABLE_OBJC_ARC = YES;
				CLANG_WARN_BOOL_CONVERSION = YES;
				CLANG_WARN_CONSTANT_CONVERSION = YES;
				CLANG_WARN_DIRECT_OBJC_ISA_USAGE = YES_ERROR;
				CLANG_WARN_EMPTY_BODY = YES;
				CLANG_WARN_ENUM_CONVERSION = YES;
				CLANG_WARN_INT_CONVERSION = YES;
				CLANG_WARN_OBJC_ROOT_CLASS = YES_ERROR;
				CLANG_WARN_UNREACHABLE_CODE = YES;
				CLANG_WARN__DUPLICATE_METHOD_MATCH = YES;
				"CODE_SIGN_IDENTITY[sdk=iphoneos*]" = "iPhone Developer";
				COPY_PHASE_STRIP = NO;
				DEBUG_INFORMATION_FORMAT = "dwarf-with-dsym";
				ENABLE_NS_ASSERTIONS = NO;
				ENABLE_STRICT_OBJC_MSGSEND = YES;
				GCC_C_LANGUAGE_STANDARD = gnu99;
				GCC_NO_COMMON_BLOCKS = YES;
				GCC_WARN_64_TO_32_BIT_CONVERSION = YES;
				GCC_WARN_ABOUT_RETURN_TYPE = YES_ERROR;
				GCC_WARN_UNDECLARED_SELECTOR = YES;
				GCC_WARN_UNINITIALIZED_AUTOS = YES_AGGRESSIVE;
				GCC_WARN_UNUSED_FUNCTION = YES;
				GCC_WARN_UNUSED_VARIABLE = YES;
				IPHONEOS_DEPLOYMENT_TARGET = 9.0;
				MTL_ENABLE_DEBUG_INFO = NO;
				SDKROOT = iphoneos;
				TARGETED_DEVICE_FAMILY = "1,2";
				VALIDATE_PRODUCT = YES;
			};
			name = Release;
		};
		12A2764E1BD6F289001C0630 /* Debug */ = {
			isa = XCBuildConfiguration;
			baseConfigurationReference = D77611EFD4B8EB19555D26AB /* Pods-RottenTomatoes.debug.xcconfig */;
			buildSettings = {
				ASSETCATALOG_COMPILER_APPICON_NAME = AppIcon;
				INFOPLIST_FILE = RottenTomatoes/Info.plist;
				LD_RUNPATH_SEARCH_PATHS = "$(inherited) @executable_path/Frameworks";
				PRODUCT_BUNDLE_IDENTIFIER = com.codepath.RottenTomatoes;
				PRODUCT_NAME = "$(TARGET_NAME)";
			};
			name = Debug;
		};
		12A2764F1BD6F289001C0630 /* Release */ = {
			isa = XCBuildConfiguration;
			baseConfigurationReference = 91C236A295399C518ECAB552 /* Pods-RottenTomatoes.release.xcconfig */;
			buildSettings = {
				ASSETCATALOG_COMPILER_APPICON_NAME = AppIcon;
				INFOPLIST_FILE = RottenTomatoes/Info.plist;
				LD_RUNPATH_SEARCH_PATHS = "$(inherited) @executable_path/Frameworks";
				PRODUCT_BUNDLE_IDENTIFIER = com.codepath.RottenTomatoes;
				PRODUCT_NAME = "$(TARGET_NAME)";
			};
			name = Release;
		};
/* End XCBuildConfiguration section */

/* Begin XCConfigurationList section */
		12A276311BD6F289001C0630 /* Build configuration list for PBXProject "RottenTomatoes" */ = {
			isa = XCConfigurationList;
			buildConfigurations = (
				12A2764B1BD6F289001C0630 /* Debug */,
				12A2764C1BD6F289001C0630 /* Release */,
			);
			defaultConfigurationIsVisible = 0;
			defaultConfigurationName = Release;
		};
		12A2764D1BD6F289001C0630 /* Build configuration list for PBXNativeTarget "RottenTomatoes" */ = {
			isa = XCConfigurationList;
			buildConfigurations = (
				12A2764E1BD6F289001C0630 /* Debug */,
				12A2764F1BD6F289001C0630 /* Release */,
			);
			defaultConfigurationIsVisible = 0;
			defaultConfigurationName = Release;
		};
/* End XCConfigurationList section */
	};
	rootObject = 12A2762E1BD6F289001C0630 /* Project object */;
}
